
Microsoft Visual Studio Solution File, Format Version 12.00
# Visual Studio 14
VisualStudioVersion = 14.0.23107.0
MinimumVisualStudioVersion = 10.0.40219.1
Project("{FAE04EC0-301F-11D3-BF4B-00C04F79EFBC}") = "Uno", "Uno.csproj", "{026A4993-91B3-453A-85F2-405950AA4395}"
EndProject
Project("{FAE04EC0-301F-11D3-BF4B-00C04F79EFBC}") = "Uno.Test.Unit", "..\Uno.Test.Unit\Uno.Test.Unit.csproj", "{909EA21B-B33A-4F3D-BED6-6CEB0E9AFE75}"
EndProject
Project("{FAE04EC0-301F-11D3-BF4B-00C04F79EFBC}") = "Uno.App", "..\Uno.App\Uno.App.csproj", "{11B87CB1-2AF2-4B6E-88B0-E152D1F91654}"
EndProject
Global
	GlobalSection(SolutionConfigurationPlatforms) = preSolution
		Debug|Any CPU = Debug|Any CPU
		Release|Any CPU = Release|Any CPU
	EndGlobalSection
	GlobalSection(ProjectConfigurationPlatforms) = postSolution
		{026A4993-91B3-453A-85F2-405950AA4395}.Debug|Any CPU.ActiveCfg = Debug|Any CPU
		{026A4993-91B3-453A-85F2-405950AA4395}.Debug|Any CPU.Build.0 = Debug|Any CPU
		{026A4993-91B3-453A-85F2-405950AA4395}.Release|Any CPU.ActiveCfg = Release|Any CPU
		{026A4993-91B3-453A-85F2-405950AA4395}.Release|Any CPU.Build.0 = Release|Any CPU
		{909EA21B-B33A-4F3D-BED6-6CEB0E9AFE75}.Debug|Any CPU.ActiveCfg = Debug|Any CPU
		{909EA21B-B33A-4F3D-BED6-6CEB0E9AFE75}.Debug|Any CPU.Build.0 = Debug|Any CPU
		{909EA21B-B33A-4F3D-BED6-6CEB0E9AFE75}.Release|Any CPU.ActiveCfg = Release|Any CPU
		{909EA21B-B33A-4F3D-BED6-6CEB0E9AFE75}.Release|Any CPU.Build.0 = Release|Any CPU
		{11B87CB1-2AF2-4B6E-88B0-E152D1F91654}.Debug|Any CPU.ActiveCfg = Debug|Any CPU
		{11B87CB1-2AF2-4B6E-88B0-E152D1F91654}.Debug|Any CPU.Build.0 = Debug|Any CPU
		{11B87CB1-2AF2-4B6E-88B0-E152D1F91654}.Release|Any CPU.ActiveCfg = Release|Any CPU
		{11B87CB1-2AF2-4B6E-88B0-E152D1F91654}.Release|Any CPU.Build.0 = Release|Any CPU
	EndGlobalSection
	GlobalSection(SolutionProperties) = preSolution
		HideSolutionNode = FALSE
	EndGlobalSection
EndGlobal
